
Microsoft Visual Studio Solution File, Format Version 12.00
# Visual Studio Version 17
VisualStudioVersion = 17.13.35913.81 d17.13
MinimumVisualStudioVersion = 10.0.40219.1
Project("{FAE04EC0-301F-11D3-BF4B-00C04F79EFBC}") = "ST10403582_CLDV6211_part1", "ST10403582_CLDV6211_part1\ST10403582_CLDV6211_part1.csproj", "{759BA3C6-A6B6-441B-8BC3-E119719BBBA6}"
EndProject
Global
	GlobalSection(SolutionConfigurationPlatforms) = preSolution
		Debug|Any CPU = Debug|Any CPU
		Release|Any CPU = Release|Any CPU
	EndGlobalSection
	GlobalSection(ProjectConfigurationPlatforms) = postSolution
		{759BA3C6-A6B6-441B-8BC3-E119719BBBA6}.Debug|Any CPU.ActiveCfg = Debug|Any CPU
		{759BA3C6-A6B6-441B-8BC3-E119719BBBA6}.Debug|Any CPU.Build.0 = Debug|Any CPU
		{759BA3C6-A6B6-441B-8BC3-E119719BBBA6}.Release|Any CPU.ActiveCfg = Release|Any CPU
		{759BA3C6-A6B6-441B-8BC3-E119719BBBA6}.Release|Any CPU.Build.0 = Release|Any CPU
	EndGlobalSection
	GlobalSection(SolutionProperties) = preSolution
		HideSolutionNode = FALSE
	EndGlobalSection
	GlobalSection(ExtensibilityGlobals) = postSolution
		SolutionGuid = {4733610B-ECE4-413E-BC04-834D61425955}
	EndGlobalSection
EndGlobal
